
Microsoft Visual Studio Solution File, Format Version 12.00
# Visual Studio Version 16
VisualStudioVersion = 16.0.31624.102
MinimumVisualStudioVersion = 10.0.40219.1
Project("{9A19103F-16F7-4668-BE54-9A1E7A4F7556}") = "SudokuSolver", "Sudoku\SudokuSolver.csproj", "{1413635B-2A80-4564-95B7-F20397BFC894}"
EndProject
Global
	GlobalSection(SolutionConfigurationPlatforms) = preSolution
		Debug|Any CPU = Debug|Any CPU
		Release|Any CPU = Release|Any CPU
	EndGlobalSection
	GlobalSection(ProjectConfigurationPlatforms) = postSolution
		{1413635B-2A80-4564-95B7-F20397BFC894}.Debug|Any CPU.ActiveCfg = Debug|Any CPU
		{1413635B-2A80-4564-95B7-F20397BFC894}.Debug|Any CPU.Build.0 = Debug|Any CPU
		{1413635B-2A80-4564-95B7-F20397BFC894}.Release|Any CPU.ActiveCfg = Release|Any CPU
		{1413635B-2A80-4564-95B7-F20397BFC894}.Release|Any CPU.Build.0 = Release|Any CPU
	EndGlobalSection
	GlobalSection(SolutionProperties) = preSolution
		HideSolutionNode = FALSE
	EndGlobalSection
	GlobalSection(ExtensibilityGlobals) = postSolution
		SolutionGuid = {E425428A-DD8A-4390-B2C7-28091A4D2524}
	EndGlobalSection
EndGlobal
